
Microsoft Visual Studio Solution File, Format Version 12.00
# Visual Studio 15
VisualStudioVersion = 15.0.28307.1082
MinimumVisualStudioVersion = 10.0.40219.1
Project("{FAE04EC0-301F-11D3-BF4B-00C04F79EFBC}") = "Ticari_Otomasyon_Proje", "Ticari_Otomasyon_Proje\Ticari_Otomasyon_Proje.csproj", "{8D6270F4-E41D-46A3-9ECF-90AD5FB24A5E}"
EndProject
Global
	GlobalSection(SolutionConfigurationPlatforms) = preSolution
		Debug|Any CPU = Debug|Any CPU
		Release|Any CPU = Release|Any CPU
	EndGlobalSection
	GlobalSection(ProjectConfigurationPlatforms) = postSolution
		{8D6270F4-E41D-46A3-9ECF-90AD5FB24A5E}.Debug|Any CPU.ActiveCfg = Debug|Any CPU
		{8D6270F4-E41D-46A3-9ECF-90AD5FB24A5E}.Debug|Any CPU.Build.0 = Debug|Any CPU
		{8D6270F4-E41D-46A3-9ECF-90AD5FB24A5E}.Release|Any CPU.ActiveCfg = Release|Any CPU
		{8D6270F4-E41D-46A3-9ECF-90AD5FB24A5E}.Release|Any CPU.Build.0 = Release|Any CPU
	EndGlobalSection
	GlobalSection(SolutionProperties) = preSolution
		HideSolutionNode = FALSE
	EndGlobalSection
	GlobalSection(ExtensibilityGlobals) = postSolution
		SolutionGuid = {405B453E-7E04-45E8-987C-4A90DC195616}
	EndGlobalSection
EndGlobal
